<Solution>
  <Project Path="ProductManager.DAL/ProductManager.DAL.csproj" />
  <Project Path="ProductManager.BAL.Tests/ProductManager.BAL.Tests.csproj" />
  <Project Path="ProductManager.BAL/ProductManager.BAL.csproj" />
  <Project Path="ProductManager.API.Tests/ProductManager.API.Tests.csproj" />
  <Project Path="ProductManager.API/ProductManager.API.csproj" />
</Solution>
